
Microsoft Visual Studio Solution File, Format Version 12.00
# Visual Studio 15
VisualStudioVersion = 15.0.27130.2024
MinimumVisualStudioVersion = 10.0.40219.1
Project("{FAE04EC0-301F-11D3-BF4B-00C04F79EFBC}") = "Nipema.PictureReceiver", "Nipema.PictureReceiver\Nipema.PictureReceiver.csproj", "{07A5C325-C5C0-4D08-8113-2532A39D61BD}"
EndProject
Project("{FAE04EC0-301F-11D3-BF4B-00C04F79EFBC}") = "Nipema.PictureReceiver.Console", "Nipema.PictureReceiver.Console\Nipema.PictureReceiver.Console.csproj", "{56694BD3-E0B3-4A37-88E7-13C1CC655753}"
EndProject
Global
	GlobalSection(SolutionConfigurationPlatforms) = preSolution
		Debug|Any CPU = Debug|Any CPU
		Release|Any CPU = Release|Any CPU
	EndGlobalSection
	GlobalSection(ProjectConfigurationPlatforms) = postSolution
		{07A5C325-C5C0-4D08-8113-2532A39D61BD}.Debug|Any CPU.ActiveCfg = Debug|Any CPU
		{07A5C325-C5C0-4D08-8113-2532A39D61BD}.Debug|Any CPU.Build.0 = Debug|Any CPU
		{07A5C325-C5C0-4D08-8113-2532A39D61BD}.Release|Any CPU.ActiveCfg = Release|Any CPU
		{07A5C325-C5C0-4D08-8113-2532A39D61BD}.Release|Any CPU.Build.0 = Release|Any CPU
		{56694BD3-E0B3-4A37-88E7-13C1CC655753}.Debug|Any CPU.ActiveCfg = Debug|Any CPU
		{56694BD3-E0B3-4A37-88E7-13C1CC655753}.Debug|Any CPU.Build.0 = Debug|Any CPU
		{56694BD3-E0B3-4A37-88E7-13C1CC655753}.Release|Any CPU.ActiveCfg = Release|Any CPU
		{56694BD3-E0B3-4A37-88E7-13C1CC655753}.Release|Any CPU.Build.0 = Release|Any CPU
	EndGlobalSection
	GlobalSection(SolutionProperties) = preSolution
		HideSolutionNode = FALSE
	EndGlobalSection
	GlobalSection(ExtensibilityGlobals) = postSolution
		SolutionGuid = {ACA712C1-9AAA-48FB-B940-2DEFC2AEAAE0}
	EndGlobalSection
EndGlobal
